
Microsoft Visual Studio Solution File, Format Version 12.00
# Visual Studio Version 17
VisualStudioVersion = 17.5.33103.201
MinimumVisualStudioVersion = 10.0.40219.1
Project("{FAE04EC0-301F-11D3-BF4B-00C04F79EFBC}") = "SubRenamer", "SubRenamer\SubRenamer.csproj", "{490AC3FC-FD62-4356-8C1A-CA5AB865B7C7}"
EndProject
Global
	GlobalSection(SolutionConfigurationPlatforms) = preSolution
		Debug|Any CPU = Debug|Any CPU
		Release|Any CPU = Release|Any CPU
	EndGlobalSection
	GlobalSection(ProjectConfigurationPlatforms) = postSolution
		{490AC3FC-FD62-4356-8C1A-CA5AB865B7C7}.Debug|Any CPU.ActiveCfg = Debug|Any CPU
		{490AC3FC-FD62-4356-8C1A-CA5AB865B7C7}.Debug|Any CPU.Build.0 = Debug|Any CPU
		{490AC3FC-FD62-4356-8C1A-CA5AB865B7C7}.Release|Any CPU.ActiveCfg = Release|Any CPU
		{490AC3FC-FD62-4356-8C1A-CA5AB865B7C7}.Release|Any CPU.Build.0 = Release|Any CPU
	EndGlobalSection
	GlobalSection(SolutionProperties) = preSolution
		HideSolutionNode = FALSE
	EndGlobalSection
	GlobalSection(ExtensibilityGlobals) = postSolution
		SolutionGuid = {5363D2BC-8FC0-41DF-965F-6975DE383EEF}
	EndGlobalSection
EndGlobal
