
Microsoft Visual Studio Solution File, Format Version 12.00
# Visual Studio Version 16
VisualStudioVersion = 16.0.29009.5
MinimumVisualStudioVersion = 10.0.40219.1
Project("{FAE04EC0-301F-11D3-BF4B-00C04F79EFBC}") = "SubtitleRenamer", "SubtitleRenamer\SubtitleRenamer.csproj", "{82F1F4BF-02B6-4262-BAE5-5185FDDD129B}"
EndProject
Global
	GlobalSection(SolutionConfigurationPlatforms) = preSolution
		Debug|Any CPU = Debug|Any CPU
		Release|Any CPU = Release|Any CPU
	EndGlobalSection
	GlobalSection(ProjectConfigurationPlatforms) = postSolution
		{82F1F4BF-02B6-4262-BAE5-5185FDDD129B}.Debug|Any CPU.ActiveCfg = Debug|Any CPU
		{82F1F4BF-02B6-4262-BAE5-5185FDDD129B}.Debug|Any CPU.Build.0 = Debug|Any CPU
		{82F1F4BF-02B6-4262-BAE5-5185FDDD129B}.Release|Any CPU.ActiveCfg = Release|Any CPU
		{82F1F4BF-02B6-4262-BAE5-5185FDDD129B}.Release|Any CPU.Build.0 = Release|Any CPU
	EndGlobalSection
	GlobalSection(SolutionProperties) = preSolution
		HideSolutionNode = FALSE
	EndGlobalSection
	GlobalSection(ExtensibilityGlobals) = postSolution
		SolutionGuid = {A26A5150-2C33-4CB5-880F-0E1F4CC71CC8}
	EndGlobalSection
EndGlobal
